
Microsoft Visual Studio Solution File, Format Version 12.00
# Visual Studio Version 16
VisualStudioVersion = 16.0.28729.10
MinimumVisualStudioVersion = 10.0.40219.1
Project("{F184B08F-C81C-45F6-A57F-5ABD9991F28F}") = "scrcpy_giu", "scrcpy_giu\scrcpy_giu.vbproj", "{E2C9AAB8-D307-435C-89AE-E18204D15BB0}"
EndProject
Global
	GlobalSection(SolutionConfigurationPlatforms) = preSolution
		Debug|Any CPU = Debug|Any CPU
		Release|Any CPU = Release|Any CPU
	EndGlobalSection
	GlobalSection(ProjectConfigurationPlatforms) = postSolution
		{E2C9AAB8-D307-435C-89AE-E18204D15BB0}.Debug|Any CPU.ActiveCfg = Debug|Any CPU
		{E2C9AAB8-D307-435C-89AE-E18204D15BB0}.Debug|Any CPU.Build.0 = Debug|Any CPU
		{E2C9AAB8-D307-435C-89AE-E18204D15BB0}.Release|Any CPU.ActiveCfg = Release|Any CPU
		{E2C9AAB8-D307-435C-89AE-E18204D15BB0}.Release|Any CPU.Build.0 = Release|Any CPU
	EndGlobalSection
	GlobalSection(SolutionProperties) = preSolution
		HideSolutionNode = FALSE
	EndGlobalSection
	GlobalSection(ExtensibilityGlobals) = postSolution
		SolutionGuid = {91F67B94-2235-4932-AD67-B1ADDC98DB32}
	EndGlobalSection
EndGlobal
